
Microsoft Visual Studio Solution File, Format Version 12.00
# Visual Studio Version 17
VisualStudioVersion = 17.2.32519.379
MinimumVisualStudioVersion = 10.0.40219.1
Project("{FAE04EC0-301F-11D3-BF4B-00C04F79EFBC}") = "HowdyChallenge", "HowdyChallenge\HowdyChallenge.csproj", "{C10E5CD2-92EB-40A2-A2BC-1EFB3CDD65F1}"
EndProject
Global
	GlobalSection(SolutionConfigurationPlatforms) = preSolution
		Debug|Any CPU = Debug|Any CPU
		Release|Any CPU = Release|Any CPU
	EndGlobalSection
	GlobalSection(ProjectConfigurationPlatforms) = postSolution
		{C10E5CD2-92EB-40A2-A2BC-1EFB3CDD65F1}.Debug|Any CPU.ActiveCfg = Debug|Any CPU
		{C10E5CD2-92EB-40A2-A2BC-1EFB3CDD65F1}.Debug|Any CPU.Build.0 = Debug|Any CPU
		{C10E5CD2-92EB-40A2-A2BC-1EFB3CDD65F1}.Release|Any CPU.ActiveCfg = Release|Any CPU
		{C10E5CD2-92EB-40A2-A2BC-1EFB3CDD65F1}.Release|Any CPU.Build.0 = Release|Any CPU
	EndGlobalSection
	GlobalSection(SolutionProperties) = preSolution
		HideSolutionNode = FALSE
	EndGlobalSection
	GlobalSection(ExtensibilityGlobals) = postSolution
		SolutionGuid = {96253D94-BCCC-4C69-BA5C-77C0D4A13514}
	EndGlobalSection
EndGlobal
